
Microsoft Visual Studio Solution File, Format Version 12.00
# Visual Studio 15
VisualStudioVersion = 15.0.27130.0
MinimumVisualStudioVersion = 10.0.40219.1
Project("{FAE04EC0-301F-11D3-BF4B-00C04F79EFBC}") = "MoreExtensions", "MoreExtensions\MoreExtensions.csproj", "{749C5655-B356-46CC-9DB5-9C3E541DEF47}"
EndProject
Global
	GlobalSection(SolutionConfigurationPlatforms) = preSolution
		Debug|Any CPU = Debug|Any CPU
		Release|Any CPU = Release|Any CPU
	EndGlobalSection
	GlobalSection(ProjectConfigurationPlatforms) = postSolution
		{749C5655-B356-46CC-9DB5-9C3E541DEF47}.Debug|Any CPU.ActiveCfg = Debug|Any CPU
		{749C5655-B356-46CC-9DB5-9C3E541DEF47}.Debug|Any CPU.Build.0 = Debug|Any CPU
		{749C5655-B356-46CC-9DB5-9C3E541DEF47}.Release|Any CPU.ActiveCfg = Release|Any CPU
		{749C5655-B356-46CC-9DB5-9C3E541DEF47}.Release|Any CPU.Build.0 = Release|Any CPU
	EndGlobalSection
	GlobalSection(SolutionProperties) = preSolution
		HideSolutionNode = FALSE
	EndGlobalSection
	GlobalSection(ExtensibilityGlobals) = postSolution
		SolutionGuid = {BA168508-1743-46D6-8F38-45E9FE3C1221}
	EndGlobalSection
EndGlobal
